
Microsoft Visual Studio Solution File, Format Version 12.00
# Visual Studio Version 16
VisualStudioVersion = 16.0.31729.503
MinimumVisualStudioVersion = 10.0.40219.1
Project("{8BC9CEB8-8B4A-11D0-8D11-00A0C91BC942}") = "Kreuzung_Kreisverkehr_Demo", "Kreuzung_Kreisverkehr_Demo\Kreuzung_Kreisverkehr_Demo.vcxproj", "{1E58AA7D-91C9-407D-8DB6-25C7A857FCAA}"
EndProject
Global
	GlobalSection(SolutionConfigurationPlatforms) = preSolution
		Debug|x64 = Debug|x64
		Debug|x86 = Debug|x86
		Release|x64 = Release|x64
		Release|x86 = Release|x86
	EndGlobalSection
	GlobalSection(ProjectConfigurationPlatforms) = postSolution
		{1E58AA7D-91C9-407D-8DB6-25C7A857FCAA}.Debug|x64.ActiveCfg = Debug|x64
		{1E58AA7D-91C9-407D-8DB6-25C7A857FCAA}.Debug|x64.Build.0 = Debug|x64
		{1E58AA7D-91C9-407D-8DB6-25C7A857FCAA}.Debug|x86.ActiveCfg = Debug|Win32
		{1E58AA7D-91C9-407D-8DB6-25C7A857FCAA}.Debug|x86.Build.0 = Debug|Win32
		{1E58AA7D-91C9-407D-8DB6-25C7A857FCAA}.Release|x64.ActiveCfg = Release|x64
		{1E58AA7D-91C9-407D-8DB6-25C7A857FCAA}.Release|x64.Build.0 = Release|x64
		{1E58AA7D-91C9-407D-8DB6-25C7A857FCAA}.Release|x86.ActiveCfg = Release|Win32
		{1E58AA7D-91C9-407D-8DB6-25C7A857FCAA}.Release|x86.Build.0 = Release|Win32
	EndGlobalSection
	GlobalSection(SolutionProperties) = preSolution
		HideSolutionNode = FALSE
	EndGlobalSection
	GlobalSection(ExtensibilityGlobals) = postSolution
		SolutionGuid = {324FA6A5-24CE-4457-9AC7-F9C8AA314FC8}
	EndGlobalSection
EndGlobal
